
Microsoft Visual Studio Solution File, Format Version 12.00
# Visual Studio Version 16
VisualStudioVersion = 16.0.31205.134
MinimumVisualStudioVersion = 10.0.40219.1
Project("{FAE04EC0-301F-11D3-BF4B-00C04F79EFBC}") = "git", "git\git.csproj", "{1F5782DD-0F2E-48A7-9715-3F76ED1C5AEA}"
EndProject
Global
	GlobalSection(SolutionConfigurationPlatforms) = preSolution
		Debug|Any CPU = Debug|Any CPU
		Release|Any CPU = Release|Any CPU
	EndGlobalSection
	GlobalSection(ProjectConfigurationPlatforms) = postSolution
		{1F5782DD-0F2E-48A7-9715-3F76ED1C5AEA}.Debug|Any CPU.ActiveCfg = Debug|Any CPU
		{1F5782DD-0F2E-48A7-9715-3F76ED1C5AEA}.Debug|Any CPU.Build.0 = Debug|Any CPU
		{1F5782DD-0F2E-48A7-9715-3F76ED1C5AEA}.Release|Any CPU.ActiveCfg = Release|Any CPU
		{1F5782DD-0F2E-48A7-9715-3F76ED1C5AEA}.Release|Any CPU.Build.0 = Release|Any CPU
	EndGlobalSection
	GlobalSection(SolutionProperties) = preSolution
		HideSolutionNode = FALSE
	EndGlobalSection
	GlobalSection(ExtensibilityGlobals) = postSolution
		SolutionGuid = {C714A78F-2EB8-4D36-A6AE-B9C5C7B48B9E}
	EndGlobalSection
EndGlobal
